
Microsoft Visual Studio Solution File, Format Version 12.00
# Visual Studio Version 16
VisualStudioVersion = 16.0.31624.102
MinimumVisualStudioVersion = 10.0.40219.1
Project("{FAE04EC0-301F-11D3-BF4B-00C04F79EFBC}") = "1", "1.csproj", "{84ECEC4B-1B05-4C3C-8BEA-F7CBC1898156}"
EndProject
Global
	GlobalSection(SolutionConfigurationPlatforms) = preSolution
		Debug|Any CPU = Debug|Any CPU
		Release|Any CPU = Release|Any CPU
	EndGlobalSection
	GlobalSection(ProjectConfigurationPlatforms) = postSolution
		{84ECEC4B-1B05-4C3C-8BEA-F7CBC1898156}.Debug|Any CPU.ActiveCfg = Debug|Any CPU
		{84ECEC4B-1B05-4C3C-8BEA-F7CBC1898156}.Debug|Any CPU.Build.0 = Debug|Any CPU
		{84ECEC4B-1B05-4C3C-8BEA-F7CBC1898156}.Release|Any CPU.ActiveCfg = Release|Any CPU
		{84ECEC4B-1B05-4C3C-8BEA-F7CBC1898156}.Release|Any CPU.Build.0 = Release|Any CPU
	EndGlobalSection
	GlobalSection(SolutionProperties) = preSolution
		HideSolutionNode = FALSE
	EndGlobalSection
	GlobalSection(ExtensibilityGlobals) = postSolution
		SolutionGuid = {0E584463-1CC5-45CE-8813-44B3E009F6CB}
	EndGlobalSection
EndGlobal
